
Microsoft Visual Studio Solution File, Format Version 12.00
# Visual Studio Version 16
VisualStudioVersion = 16.0.31025.194
MinimumVisualStudioVersion = 10.0.40219.1
Project("{FAE04EC0-301F-11D3-BF4B-00C04F79EFBC}") = "API", "API\API.csproj", "{7A94F1EA-10F8-4015-B8DC-DB2CBA00BC1D}"
EndProject
Global
	GlobalSection(SolutionConfigurationPlatforms) = preSolution
		Debug|Any CPU = Debug|Any CPU
		Release|Any CPU = Release|Any CPU
	EndGlobalSection
	GlobalSection(ProjectConfigurationPlatforms) = postSolution
		{7A94F1EA-10F8-4015-B8DC-DB2CBA00BC1D}.Debug|Any CPU.ActiveCfg = Debug|Any CPU
		{7A94F1EA-10F8-4015-B8DC-DB2CBA00BC1D}.Debug|Any CPU.Build.0 = Debug|Any CPU
		{7A94F1EA-10F8-4015-B8DC-DB2CBA00BC1D}.Release|Any CPU.ActiveCfg = Release|Any CPU
		{7A94F1EA-10F8-4015-B8DC-DB2CBA00BC1D}.Release|Any CPU.Build.0 = Release|Any CPU
	EndGlobalSection
	GlobalSection(SolutionProperties) = preSolution
		HideSolutionNode = FALSE
	EndGlobalSection
	GlobalSection(ExtensibilityGlobals) = postSolution
		SolutionGuid = {25DD6FFB-FC89-4D09-92AB-320F93B33BC6}
	EndGlobalSection
EndGlobal
